
Microsoft Visual Studio Solution File, Format Version 12.00
# Visual Studio 15
VisualStudioVersion = 15.0.28307.168
MinimumVisualStudioVersion = 10.0.40219.1
Project("{2150E333-8FDC-42A3-9474-1A3956D46DE8}") = "Domain", "Domain", "{00DFC08F-4C5C-4932-B88A-72CCBBFB3222}"
EndProject
Project("{FAE04EC0-301F-11D3-BF4B-00C04F79EFBC}") = "MicroRabbit.Domain.Core", "MicroRabbit.Domain.Core\MicroRabbit.Domain.Core.csproj", "{D28C2C91-957C-4BB3-AD2B-A88E9FB40077}"
EndProject
Global
	GlobalSection(SolutionConfigurationPlatforms) = preSolution
		Debug|Any CPU = Debug|Any CPU
		Release|Any CPU = Release|Any CPU
	EndGlobalSection
	GlobalSection(ProjectConfigurationPlatforms) = postSolution
		{D28C2C91-957C-4BB3-AD2B-A88E9FB40077}.Debug|Any CPU.ActiveCfg = Debug|Any CPU
		{D28C2C91-957C-4BB3-AD2B-A88E9FB40077}.Debug|Any CPU.Build.0 = Debug|Any CPU
		{D28C2C91-957C-4BB3-AD2B-A88E9FB40077}.Release|Any CPU.ActiveCfg = Release|Any CPU
		{D28C2C91-957C-4BB3-AD2B-A88E9FB40077}.Release|Any CPU.Build.0 = Release|Any CPU
	EndGlobalSection
	GlobalSection(SolutionProperties) = preSolution
		HideSolutionNode = FALSE
	EndGlobalSection
	GlobalSection(NestedProjects) = preSolution
		{D28C2C91-957C-4BB3-AD2B-A88E9FB40077} = {00DFC08F-4C5C-4932-B88A-72CCBBFB3222}
	EndGlobalSection
	GlobalSection(ExtensibilityGlobals) = postSolution
		SolutionGuid = {D4E44100-08BE-46EF-A46D-35A5E95CE0CA}
	EndGlobalSection
EndGlobal
